
Microsoft Visual Studio Solution File, Format Version 12.00
# Visual Studio 14
VisualStudioVersion = 14.0.23107.0
MinimumVisualStudioVersion = 10.0.40219.1
Project("{FAE04EC0-301F-11D3-BF4B-00C04F79EFBC}") = "1ArraysLab", "1ArraysLab\1ArraysLab.csproj", "{8A5CE421-66CE-4030-AA75-45756CB669DA}"
EndProject
Project("{FAE04EC0-301F-11D3-BF4B-00C04F79EFBC}") = "3LabSumMinMaxFirstLastAverage", "3LabSumMinMaxFirstLastAverage\3LabSumMinMaxFirstLastAverage.csproj", "{23115DB7-7B26-42FF-88EC-23C6704F18BE}"
EndProject
Project("{FAE04EC0-301F-11D3-BF4B-00C04F79EFBC}") = "4LastKNumbersSumsSequence", "4LastKNumbersSumsSequence\4LastKNumbersSumsSequence.csproj", "{4FF33CE9-A276-4429-8D7E-50D75E9BE860}"
EndProject
Project("{FAE04EC0-301F-11D3-BF4B-00C04F79EFBC}") = "5TripleSum", "5TripleSum\5TripleSum.csproj", "{0ADAECC9-2B1D-482B-85C8-3A386BC08D0B}"
EndProject
Project("{FAE04EC0-301F-11D3-BF4B-00C04F79EFBC}") = "6RoundingNumbersAwayFromZero", "6RoundingNumbersAwayFromZero\6RoundingNumbersAwayFromZero.csproj", "{31D542A5-AD44-4AC1-B408-A363C23F8588}"
EndProject
Project("{FAE04EC0-301F-11D3-BF4B-00C04F79EFBC}") = "7ReverseAnArrayOfStrings", "7ReverseAnArrayOfStrings\7ReverseAnArrayOfStrings.csproj", "{A4216852-4886-4B95-B50B-AEE3CC97543D}"
EndProject
Global
	GlobalSection(SolutionConfigurationPlatforms) = preSolution
		Debug|Any CPU = Debug|Any CPU
		Release|Any CPU = Release|Any CPU
	EndGlobalSection
	GlobalSection(ProjectConfigurationPlatforms) = postSolution
		{8A5CE421-66CE-4030-AA75-45756CB669DA}.Debug|Any CPU.ActiveCfg = Debug|Any CPU
		{8A5CE421-66CE-4030-AA75-45756CB669DA}.Debug|Any CPU.Build.0 = Debug|Any CPU
		{8A5CE421-66CE-4030-AA75-45756CB669DA}.Release|Any CPU.ActiveCfg = Release|Any CPU
		{8A5CE421-66CE-4030-AA75-45756CB669DA}.Release|Any CPU.Build.0 = Release|Any CPU
		{23115DB7-7B26-42FF-88EC-23C6704F18BE}.Debug|Any CPU.ActiveCfg = Debug|Any CPU
		{23115DB7-7B26-42FF-88EC-23C6704F18BE}.Debug|Any CPU.Build.0 = Debug|Any CPU
		{23115DB7-7B26-42FF-88EC-23C6704F18BE}.Release|Any CPU.ActiveCfg = Release|Any CPU
		{23115DB7-7B26-42FF-88EC-23C6704F18BE}.Release|Any CPU.Build.0 = Release|Any CPU
		{4FF33CE9-A276-4429-8D7E-50D75E9BE860}.Debug|Any CPU.ActiveCfg = Debug|Any CPU
		{4FF33CE9-A276-4429-8D7E-50D75E9BE860}.Debug|Any CPU.Build.0 = Debug|Any CPU
		{4FF33CE9-A276-4429-8D7E-50D75E9BE860}.Release|Any CPU.ActiveCfg = Release|Any CPU
		{4FF33CE9-A276-4429-8D7E-50D75E9BE860}.Release|Any CPU.Build.0 = Release|Any CPU
		{0ADAECC9-2B1D-482B-85C8-3A386BC08D0B}.Debug|Any CPU.ActiveCfg = Debug|Any CPU
		{0ADAECC9-2B1D-482B-85C8-3A386BC08D0B}.Debug|Any CPU.Build.0 = Debug|Any CPU
		{0ADAECC9-2B1D-482B-85C8-3A386BC08D0B}.Release|Any CPU.ActiveCfg = Release|Any CPU
		{0ADAECC9-2B1D-482B-85C8-3A386BC08D0B}.Release|Any CPU.Build.0 = Release|Any CPU
		{31D542A5-AD44-4AC1-B408-A363C23F8588}.Debug|Any CPU.ActiveCfg = Debug|Any CPU
		{31D542A5-AD44-4AC1-B408-A363C23F8588}.Debug|Any CPU.Build.0 = Debug|Any CPU
		{31D542A5-AD44-4AC1-B408-A363C23F8588}.Release|Any CPU.ActiveCfg = Release|Any CPU
		{31D542A5-AD44-4AC1-B408-A363C23F8588}.Release|Any CPU.Build.0 = Release|Any CPU
		{A4216852-4886-4B95-B50B-AEE3CC97543D}.Debug|Any CPU.ActiveCfg = Debug|Any CPU
		{A4216852-4886-4B95-B50B-AEE3CC97543D}.Debug|Any CPU.Build.0 = Debug|Any CPU
		{A4216852-4886-4B95-B50B-AEE3CC97543D}.Release|Any CPU.ActiveCfg = Release|Any CPU
		{A4216852-4886-4B95-B50B-AEE3CC97543D}.Release|Any CPU.Build.0 = Release|Any CPU
	EndGlobalSection
	GlobalSection(SolutionProperties) = preSolution
		HideSolutionNode = FALSE
	EndGlobalSection
EndGlobal
